
Microsoft Visual Studio Solution File, Format Version 12.00
# Visual Studio Version 17
VisualStudioVersion = 17.9.34616.47
MinimumVisualStudioVersion = 10.0.40219.1
Project("{FAE04EC0-301F-11D3-BF4B-00C04F79EFBC}") = "MobileAppFinal.Android", "MobileAppFinal\MobileAppFinal.Android\MobileAppFinal.Android.csproj", "{72A5AD91-DC05-48E6-9C44-060F4361EC1B}"
EndProject
Project("{FAE04EC0-301F-11D3-BF4B-00C04F79EFBC}") = "MobileAppFinal.iOS", "MobileAppFinal\MobileAppFinal.iOS\MobileAppFinal.iOS.csproj", "{783F4B68-3EEA-4404-9894-FEDCB1A9D8C3}"
EndProject
Project("{FAE04EC0-301F-11D3-BF4B-00C04F79EFBC}") = "MobileAppFinal", "MobileAppFinal\MobileAppFinal\MobileAppFinal.csproj", "{1FF26538-4B25-4195-814C-768043395126}"
EndProject
Global
	GlobalSection(SolutionConfigurationPlatforms) = preSolution
		Debug|Any CPU = Debug|Any CPU
		Debug|iPhone = Debug|iPhone
		Debug|iPhoneSimulator = Debug|iPhoneSimulator
		Release|Any CPU = Release|Any CPU
		Release|iPhone = Release|iPhone
		Release|iPhoneSimulator = Release|iPhoneSimulator
	EndGlobalSection
	GlobalSection(ProjectConfigurationPlatforms) = postSolution
		{72A5AD91-DC05-48E6-9C44-060F4361EC1B}.Debug|Any CPU.ActiveCfg = Debug|Any CPU
		{72A5AD91-DC05-48E6-9C44-060F4361EC1B}.Debug|Any CPU.Build.0 = Debug|Any CPU
		{72A5AD91-DC05-48E6-9C44-060F4361EC1B}.Debug|Any CPU.Deploy.0 = Debug|Any CPU
		{72A5AD91-DC05-48E6-9C44-060F4361EC1B}.Debug|iPhone.ActiveCfg = Debug|Any CPU
		{72A5AD91-DC05-48E6-9C44-060F4361EC1B}.Debug|iPhone.Build.0 = Debug|Any CPU
		{72A5AD91-DC05-48E6-9C44-060F4361EC1B}.Debug|iPhone.Deploy.0 = Debug|Any CPU
		{72A5AD91-DC05-48E6-9C44-060F4361EC1B}.Debug|iPhoneSimulator.ActiveCfg = Debug|Any CPU
		{72A5AD91-DC05-48E6-9C44-060F4361EC1B}.Debug|iPhoneSimulator.Build.0 = Debug|Any CPU
		{72A5AD91-DC05-48E6-9C44-060F4361EC1B}.Debug|iPhoneSimulator.Deploy.0 = Debug|Any CPU
		{72A5AD91-DC05-48E6-9C44-060F4361EC1B}.Release|Any CPU.ActiveCfg = Release|Any CPU
		{72A5AD91-DC05-48E6-9C44-060F4361EC1B}.Release|Any CPU.Build.0 = Release|Any CPU
		{72A5AD91-DC05-48E6-9C44-060F4361EC1B}.Release|Any CPU.Deploy.0 = Release|Any CPU
		{72A5AD91-DC05-48E6-9C44-060F4361EC1B}.Release|iPhone.ActiveCfg = Release|Any CPU
		{72A5AD91-DC05-48E6-9C44-060F4361EC1B}.Release|iPhone.Build.0 = Release|Any CPU
		{72A5AD91-DC05-48E6-9C44-060F4361EC1B}.Release|iPhone.Deploy.0 = Release|Any CPU
		{72A5AD91-DC05-48E6-9C44-060F4361EC1B}.Release|iPhoneSimulator.ActiveCfg = Release|Any CPU
		{72A5AD91-DC05-48E6-9C44-060F4361EC1B}.Release|iPhoneSimulator.Build.0 = Release|Any CPU
		{72A5AD91-DC05-48E6-9C44-060F4361EC1B}.Release|iPhoneSimulator.Deploy.0 = Release|Any CPU
		{783F4B68-3EEA-4404-9894-FEDCB1A9D8C3}.Debug|Any CPU.ActiveCfg = Debug|iPhone
		{783F4B68-3EEA-4404-9894-FEDCB1A9D8C3}.Debug|Any CPU.Build.0 = Debug|iPhone
		{783F4B68-3EEA-4404-9894-FEDCB1A9D8C3}.Debug|Any CPU.Deploy.0 = Debug|iPhone
		{783F4B68-3EEA-4404-9894-FEDCB1A9D8C3}.Debug|iPhone.ActiveCfg = Debug|iPhone
		{783F4B68-3EEA-4404-9894-FEDCB1A9D8C3}.Debug|iPhone.Build.0 = Debug|iPhone
		{783F4B68-3EEA-4404-9894-FEDCB1A9D8C3}.Debug|iPhone.Deploy.0 = Debug|iPhone
		{783F4B68-3EEA-4404-9894-FEDCB1A9D8C3}.Debug|iPhoneSimulator.ActiveCfg = Debug|iPhoneSimulator
		{783F4B68-3EEA-4404-9894-FEDCB1A9D8C3}.Debug|iPhoneSimulator.Build.0 = Debug|iPhoneSimulator
		{783F4B68-3EEA-4404-9894-FEDCB1A9D8C3}.Debug|iPhoneSimulator.Deploy.0 = Debug|iPhoneSimulator
		{783F4B68-3EEA-4404-9894-FEDCB1A9D8C3}.Release|Any CPU.ActiveCfg = Release|iPhoneSimulator
		{783F4B68-3EEA-4404-9894-FEDCB1A9D8C3}.Release|Any CPU.Build.0 = Release|iPhoneSimulator
		{783F4B68-3EEA-4404-9894-FEDCB1A9D8C3}.Release|Any CPU.Deploy.0 = Release|iPhoneSimulator
		{783F4B68-3EEA-4404-9894-FEDCB1A9D8C3}.Release|iPhone.ActiveCfg = Release|iPhone
		{783F4B68-3EEA-4404-9894-FEDCB1A9D8C3}.Release|iPhone.Build.0 = Release|iPhone
		{783F4B68-3EEA-4404-9894-FEDCB1A9D8C3}.Release|iPhone.Deploy.0 = Release|iPhone
		{783F4B68-3EEA-4404-9894-FEDCB1A9D8C3}.Release|iPhoneSimulator.ActiveCfg = Release|iPhoneSimulator
		{783F4B68-3EEA-4404-9894-FEDCB1A9D8C3}.Release|iPhoneSimulator.Build.0 = Release|iPhoneSimulator
		{783F4B68-3EEA-4404-9894-FEDCB1A9D8C3}.Release|iPhoneSimulator.Deploy.0 = Release|iPhoneSimulator
		{1FF26538-4B25-4195-814C-768043395126}.Debug|Any CPU.ActiveCfg = Debug|Any CPU
		{1FF26538-4B25-4195-814C-768043395126}.Debug|Any CPU.Build.0 = Debug|Any CPU
		{1FF26538-4B25-4195-814C-768043395126}.Debug|Any CPU.Deploy.0 = Debug|Any CPU
		{1FF26538-4B25-4195-814C-768043395126}.Debug|iPhone.ActiveCfg = Debug|Any CPU
		{1FF26538-4B25-4195-814C-768043395126}.Debug|iPhone.Build.0 = Debug|Any CPU
		{1FF26538-4B25-4195-814C-768043395126}.Debug|iPhone.Deploy.0 = Debug|Any CPU
		{1FF26538-4B25-4195-814C-768043395126}.Debug|iPhoneSimulator.ActiveCfg = Debug|Any CPU
		{1FF26538-4B25-4195-814C-768043395126}.Debug|iPhoneSimulator.Build.0 = Debug|Any CPU
		{1FF26538-4B25-4195-814C-768043395126}.Debug|iPhoneSimulator.Deploy.0 = Debug|Any CPU
		{1FF26538-4B25-4195-814C-768043395126}.Release|Any CPU.ActiveCfg = Release|Any CPU
		{1FF26538-4B25-4195-814C-768043395126}.Release|Any CPU.Build.0 = Release|Any CPU
		{1FF26538-4B25-4195-814C-768043395126}.Release|Any CPU.Deploy.0 = Release|Any CPU
		{1FF26538-4B25-4195-814C-768043395126}.Release|iPhone.ActiveCfg = Release|Any CPU
		{1FF26538-4B25-4195-814C-768043395126}.Release|iPhone.Build.0 = Release|Any CPU
		{1FF26538-4B25-4195-814C-768043395126}.Release|iPhone.Deploy.0 = Release|Any CPU
		{1FF26538-4B25-4195-814C-768043395126}.Release|iPhoneSimulator.ActiveCfg = Release|Any CPU
		{1FF26538-4B25-4195-814C-768043395126}.Release|iPhoneSimulator.Build.0 = Release|Any CPU
		{1FF26538-4B25-4195-814C-768043395126}.Release|iPhoneSimulator.Deploy.0 = Release|Any CPU
	EndGlobalSection
	GlobalSection(SolutionProperties) = preSolution
		HideSolutionNode = FALSE
	EndGlobalSection
	GlobalSection(ExtensibilityGlobals) = postSolution
		SolutionGuid = {3B9F90A9-E4F4-4E56-9E0D-AD44292CFCE4}
	EndGlobalSection
EndGlobal
